
Microsoft Visual Studio Solution File, Format Version 12.00
# Visual Studio Version 16
VisualStudioVersion = 16.0.29613.14
MinimumVisualStudioVersion = 10.0.40219.1
Project("{FAE04EC0-301F-11D3-BF4B-00C04F79EFBC}") = "slalom v3", "slalom v3\slalom v3.csproj", "{144A362D-4904-4396-A03F-4F7358609BA6}"
EndProject
Global
	GlobalSection(SolutionConfigurationPlatforms) = preSolution
		Debug|Any CPU = Debug|Any CPU
		Release|Any CPU = Release|Any CPU
	EndGlobalSection
	GlobalSection(ProjectConfigurationPlatforms) = postSolution
		{144A362D-4904-4396-A03F-4F7358609BA6}.Debug|Any CPU.ActiveCfg = Debug|Any CPU
		{144A362D-4904-4396-A03F-4F7358609BA6}.Debug|Any CPU.Build.0 = Debug|Any CPU
		{144A362D-4904-4396-A03F-4F7358609BA6}.Release|Any CPU.ActiveCfg = Release|Any CPU
		{144A362D-4904-4396-A03F-4F7358609BA6}.Release|Any CPU.Build.0 = Release|Any CPU
	EndGlobalSection
	GlobalSection(SolutionProperties) = preSolution
		HideSolutionNode = FALSE
	EndGlobalSection
	GlobalSection(ExtensibilityGlobals) = postSolution
		SolutionGuid = {6D59639B-BB21-456A-B403-23872764C751}
	EndGlobalSection
EndGlobal
